// !$*UTF8*$!
{
	archiveVersion = 1;
	classes = {
	};
	objectVersion = 56;
	objects = {

/* Begin PBXBuildFile section */
		6EE87E3A28E7800A004CDC5A /* main.swift in Sources */ = {isa = PBXBuildFile; fileRef = 6EE87E3928E7800A004CDC5A /* main.swift */; };
/* End PBXBuildFile section */

/* Begin PBXCopyFilesBuildPhase section */
		6EE87E3428E78009004CDC5A /* CopyFiles */ = {
			isa = PBXCopyFilesBuildPhase;
			buildActionMask = 2147483647;
			dstPath = /usr/share/man/man1/;
			dstSubfolderSpec = 0;
			files = (
			);
			runOnlyForDeploymentPostprocessing = 1;
		};
/* End PBXCopyFilesBuildPhase section */

/* Begin PBXFileReference section */
		6EC6D2E728E9DA5D004DFCF3 /* Lv.2 최댓값과 최솟값.swift */ = {isa = PBXFileReference; lastKnownFileType = sourcecode.swift; path = "Lv.2 최댓값과 최솟값.swift"; sourceTree = "<group>"; };
		6EE87E3628E78009004CDC5A /* Algorithm */ = {isa = PBXFileReference; explicitFileType = "compiled.mach-o.executable"; includeInIndex = 0; path = Algorithm; sourceTree = BUILT_PRODUCTS_DIR; };
		6EE87E3928E7800A004CDC5A /* main.swift */ = {isa = PBXFileReference; lastKnownFileType = sourcecode.swift; path = main.swift; sourceTree = "<group>"; };
		6EE87E4128E7803C004CDC5A /* 2745_진법 변환.swift */ = {isa = PBXFileReference; fileEncoding = 4; lastKnownFileType = sourcecode.swift; path = "2745_진법 변환.swift"; sourceTree = "<group>"; };
		6EE87E4228E7803C004CDC5A /* 12840_창용이의 시계.swift */ = {isa = PBXFileReference; fileEncoding = 4; lastKnownFileType = sourcecode.swift; path = "12840_창용이의 시계.swift"; sourceTree = "<group>"; };
		6EE87E4328E7803C004CDC5A /* 2745 진법 변환.swift */ = {isa = PBXFileReference; fileEncoding = 4; lastKnownFileType = sourcecode.swift; path = "2745 진법 변환.swift"; sourceTree = "<group>"; };
		6EE87E4528E7803C004CDC5A /* 예시 - 너비 우선 탐색.swift */ = {isa = PBXFileReference; fileEncoding = 4; lastKnownFileType = sourcecode.swift; path = "예시 - 너비 우선 탐색.swift"; sourceTree = "<group>"; };
		6EE87E4628E7803C004CDC5A /* 예시 - 깊이 우선 탐색.swift */ = {isa = PBXFileReference; fileEncoding = 4; lastKnownFileType = sourcecode.swift; path = "예시 - 깊이 우선 탐색.swift"; sourceTree = "<group>"; };
		6EE87E4928E7803C004CDC5A /* Lv1 - 실패율.swift */ = {isa = PBXFileReference; fileEncoding = 4; lastKnownFileType = sourcecode.swift; path = "Lv1 - 실패율.swift"; sourceTree = "<group>"; };
		6EE87E4A28E7803C004CDC5A /* Lv.1 체육복.swift */ = {isa = PBXFileReference; fileEncoding = 4; lastKnownFileType = sourcecode.swift; path = "Lv.1 체육복.swift"; sourceTree = "<group>"; };
		6EE87E4B28E7803C004CDC5A /* Lv.1 [1차] 비밀지도.swift */ = {isa = PBXFileReference; fileEncoding = 4; lastKnownFileType = sourcecode.swift; path = "Lv.1 [1차] 비밀지도.swift"; sourceTree = "<group>"; };
		6EE87E4C28E7803C004CDC5A /* Lv.1 로또 최고 순위와 최저 순위.swift */ = {isa = PBXFileReference; fileEncoding = 4; lastKnownFileType = sourcecode.swift; path = "Lv.1 로또 최고 순위와 최저 순위.swift"; sourceTree = "<group>"; };
		6EE87E4D28E7803C004CDC5A /* Lv.1 이상한 문자 만들기.swift */ = {isa = PBXFileReference; fileEncoding = 4; lastKnownFileType = sourcecode.swift; path = "Lv.1 이상한 문자 만들기.swift"; sourceTree = "<group>"; };
		6EE87E4E28E7803C004CDC5A /* Lv.1 x만큼 간격이 있는 n개의 숫자.md */ = {isa = PBXFileReference; fileEncoding = 4; lastKnownFileType = net.daringfireball.markdown; path = "Lv.1 x만큼 간격이 있는 n개의 숫자.md"; sourceTree = "<group>"; };
		6EE87E4F28E7803C004CDC5A /* Lv.1 서울에서 김서방 찾기.swift */ = {isa = PBXFileReference; fileEncoding = 4; lastKnownFileType = sourcecode.swift; path = "Lv.1 서울에서 김서방 찾기.swift"; sourceTree = "<group>"; };
		6EE87E5028E7803C004CDC5A /* Lv.1 K번째수.swift */ = {isa = PBXFileReference; fileEncoding = 4; lastKnownFileType = sourcecode.swift; path = "Lv.1 K번째수.swift"; sourceTree = "<group>"; };
		6EE87E5128E7803C004CDC5A /* Lv1 - 키패드 누르기.swift */ = {isa = PBXFileReference; fileEncoding = 4; lastKnownFileType = sourcecode.swift; path = "Lv1 - 키패드 누르기.swift"; sourceTree = "<group>"; };
		6EE87E5228E7803C004CDC5A /* Lv.1 크레인 인형뽑기 게임.swift */ = {isa = PBXFileReference; fileEncoding = 4; lastKnownFileType = sourcecode.swift; path = "Lv.1 크레인 인형뽑기 게임.swift"; sourceTree = "<group>"; };
		6EE87E5328E7803C004CDC5A /* Lv.1 평균 구하기.swift */ = {isa = PBXFileReference; fileEncoding = 4; lastKnownFileType = sourcecode.swift; path = "Lv.1 평균 구하기.swift"; sourceTree = "<group>"; };
		6EE87E5428E7803C004CDC5A /* Lv.1 모의고사.swift */ = {isa = PBXFileReference; fileEncoding = 4; lastKnownFileType = sourcecode.swift; path = "Lv.1 모의고사.swift"; sourceTree = "<group>"; };
		6EE87E5528E7803C004CDC5A /* Lv1 - 비밀지도.swift */ = {isa = PBXFileReference; fileEncoding = 4; lastKnownFileType = sourcecode.swift; path = "Lv1 - 비밀지도.swift"; sourceTree = "<group>"; };
		6EE87E5628E7803C004CDC5A /* Lv.1 2016년.swift */ = {isa = PBXFileReference; fileEncoding = 4; lastKnownFileType = sourcecode.swift; path = "Lv.1 2016년.swift"; sourceTree = "<group>"; };
		6EE87E5728E7803C004CDC5A /* Lv.1 실패율.swift */ = {isa = PBXFileReference; fileEncoding = 4; lastKnownFileType = sourcecode.swift; path = "Lv.1 실패율.swift"; sourceTree = "<group>"; };
		6EE87E5828E7803C004CDC5A /* Lv.1 콜라즈 추측.md */ = {isa = PBXFileReference; fileEncoding = 4; lastKnownFileType = net.daringfireball.markdown; path = "Lv.1 콜라즈 추측.md"; sourceTree = "<group>"; };
		6EE87E5928E7803C004CDC5A /* Lv.1 숫자 문자열과 영단어.swift */ = {isa = PBXFileReference; fileEncoding = 4; lastKnownFileType = sourcecode.swift; path = "Lv.1 숫자 문자열과 영단어.swift"; sourceTree = "<group>"; };
		6EE87E5A28E7803C004CDC5A /* Lv.1 가운데 글자 가져오기.swift */ = {isa = PBXFileReference; fileEncoding = 4; lastKnownFileType = sourcecode.swift; path = "Lv.1 가운데 글자 가져오기.swift"; sourceTree = "<group>"; };
		6EE87E5B28E7803C004CDC5A /* Lv.1 문자열 내 마음대로 정렬하기.swift */ = {isa = PBXFileReference; fileEncoding = 4; lastKnownFileType = sourcecode.swift; path = "Lv.1 문자열 내 마음대로 정렬하기.swift"; sourceTree = "<group>"; };
		6EE87E5C28E7803C004CDC5A /* Lv.1 신고 결과 받기.swift */ = {isa = PBXFileReference; fileEncoding = 4; lastKnownFileType = sourcecode.swift; path = "Lv.1 신고 결과 받기.swift"; sourceTree = "<group>"; };
		6EE87E5D28E7803C004CDC5A /* Lv.1 키패드 누르기.swift */ = {isa = PBXFileReference; fileEncoding = 4; lastKnownFileType = sourcecode.swift; path = "Lv.1 키패드 누르기.swift"; sourceTree = "<group>"; };
		6EE87E5E28E7803C004CDC5A /* Lv1 - 로또 최고 순위와 최저 순위.swift */ = {isa = PBXFileReference; fileEncoding = 4; lastKnownFileType = sourcecode.swift; path = "Lv1 - 로또 최고 순위와 최저 순위.swift"; sourceTree = "<group>"; };
		6EE87E5F28E7803C004CDC5A /* Lv.1 신규 아이디 추천.swift */ = {isa = PBXFileReference; fileEncoding = 4; lastKnownFileType = sourcecode.swift; path = "Lv.1 신규 아이디 추천.swift"; sourceTree = "<group>"; };
		6EE87E6028E7803C004CDC5A /* Lv.1 [1차] 다트 게임.swift */ = {isa = PBXFileReference; fileEncoding = 4; lastKnownFileType = sourcecode.swift; path = "Lv.1 [1차] 다트 게임.swift"; sourceTree = "<group>"; };
		6EE87E6328E7803C004CDC5A /* Lv.2 피보나치 수.md */ = {isa = PBXFileReference; fileEncoding = 4; lastKnownFileType = net.daringfireball.markdown; path = "Lv.2 피보나치 수.md"; sourceTree = "<group>"; };
		6EE87E6428E7803C004CDC5A /* Lv.2 [1차] 캐시.swift */ = {isa = PBXFileReference; fileEncoding = 4; lastKnownFileType = sourcecode.swift; path = "Lv.2 [1차] 캐시.swift"; sourceTree = "<group>"; };
		6EE87E6528E7803C004CDC5A /* Lv.2 튜플.swift */ = {isa = PBXFileReference; fileEncoding = 4; lastKnownFileType = sourcecode.swift; path = "Lv.2 튜플.swift"; sourceTree = "<group>"; };
		6EE87E6628E7803C004CDC5A /* Lv.2 오픈채팅방.swift */ = {isa = PBXFileReference; fileEncoding = 4; lastKnownFileType = sourcecode.swift; path = "Lv.2 오픈채팅방.swift"; sourceTree = "<group>"; };
		6EE87E6728E7803C004CDC5A /* Lv.2 타겟 넘버.swift */ = {isa = PBXFileReference; fileEncoding = 4; lastKnownFileType = sourcecode.swift; path = "Lv.2 타겟 넘버.swift"; sourceTree = "<group>"; };
		6EE87E8828E780DA004CDC5A /* README.md */ = {isa = PBXFileReference; lastKnownFileType = net.daringfireball.markdown; path = README.md; sourceTree = "<group>"; };
/* End PBXFileReference section */

/* Begin PBXFrameworksBuildPhase section */
		6EE87E3328E78009004CDC5A /* Frameworks */ = {
			isa = PBXFrameworksBuildPhase;
			buildActionMask = 2147483647;
			files = (
			);
			runOnlyForDeploymentPostprocessing = 0;
		};
/* End PBXFrameworksBuildPhase section */

/* Begin PBXGroup section */
		6EE87E2D28E78009004CDC5A = {
			isa = PBXGroup;
			children = (
				6EE87E3828E78009004CDC5A /* Scripts */,
				6EE87E3728E78009004CDC5A /* Products */,
			);
			sourceTree = "<group>";
		};
		6EE87E3728E78009004CDC5A /* Products */ = {
			isa = PBXGroup;
			children = (
				6EE87E3628E78009004CDC5A /* Algorithm */,
			);
			name = Products;
			sourceTree = "<group>";
		};
		6EE87E3828E78009004CDC5A /* Scripts */ = {
			isa = PBXGroup;
			children = (
				6EE87E3928E7800A004CDC5A /* main.swift */,
				6EE87E4028E7803C004CDC5A /* BOJ */,
				6EE87E4428E7803C004CDC5A /* ETC */,
				6EE87E4728E7803C004CDC5A /* Programmers */,
				6EE87E8828E780DA004CDC5A /* README.md */,
			);
			path = Scripts;
			sourceTree = "<group>";
		};
		6EE87E4028E7803C004CDC5A /* BOJ */ = {
			isa = PBXGroup;
			children = (
				6EE87E4128E7803C004CDC5A /* 2745_진법 변환.swift */,
				6EE87E4228E7803C004CDC5A /* 12840_창용이의 시계.swift */,
				6EE87E4328E7803C004CDC5A /* 2745 진법 변환.swift */,
			);
			path = BOJ;
			sourceTree = "<group>";
		};
		6EE87E4428E7803C004CDC5A /* ETC */ = {
			isa = PBXGroup;
			children = (
				6EE87E4528E7803C004CDC5A /* 예시 - 너비 우선 탐색.swift */,
				6EE87E4628E7803C004CDC5A /* 예시 - 깊이 우선 탐색.swift */,
			);
			path = ETC;
			sourceTree = "<group>";
		};
		6EE87E4728E7803C004CDC5A /* Programmers */ = {
			isa = PBXGroup;
			children = (
				6EE87E4828E7803C004CDC5A /* Lv.1 */,
				6EE87E6228E7803C004CDC5A /* Lv.2 */,
			);
			path = Programmers;
			sourceTree = "<group>";
		};
		6EE87E4828E7803C004CDC5A /* Lv.1 */ = {
			isa = PBXGroup;
			children = (
				6EE87E4928E7803C004CDC5A /* Lv1 - 실패율.swift */,
				6EE87E4A28E7803C004CDC5A /* Lv.1 체육복.swift */,
				6EE87E4B28E7803C004CDC5A /* Lv.1 [1차] 비밀지도.swift */,
				6EE87E4C28E7803C004CDC5A /* Lv.1 로또 최고 순위와 최저 순위.swift */,
				6EE87E4D28E7803C004CDC5A /* Lv.1 이상한 문자 만들기.swift */,
				6EE87E4E28E7803C004CDC5A /* Lv.1 x만큼 간격이 있는 n개의 숫자.md */,
				6EE87E4F28E7803C004CDC5A /* Lv.1 서울에서 김서방 찾기.swift */,
				6EE87E5028E7803C004CDC5A /* Lv.1 K번째수.swift */,
				6EE87E5128E7803C004CDC5A /* Lv1 - 키패드 누르기.swift */,
				6EE87E5228E7803C004CDC5A /* Lv.1 크레인 인형뽑기 게임.swift */,
				6EE87E5328E7803C004CDC5A /* Lv.1 평균 구하기.swift */,
				6EE87E5428E7803C004CDC5A /* Lv.1 모의고사.swift */,
				6EE87E5528E7803C004CDC5A /* Lv1 - 비밀지도.swift */,
				6EE87E5628E7803C004CDC5A /* Lv.1 2016년.swift */,
				6EE87E5728E7803C004CDC5A /* Lv.1 실패율.swift */,
				6EE87E5828E7803C004CDC5A /* Lv.1 콜라즈 추측.md */,
				6EE87E5928E7803C004CDC5A /* Lv.1 숫자 문자열과 영단어.swift */,
				6EE87E5A28E7803C004CDC5A /* Lv.1 가운데 글자 가져오기.swift */,
				6EE87E5B28E7803C004CDC5A /* Lv.1 문자열 내 마음대로 정렬하기.swift */,
				6EE87E5C28E7803C004CDC5A /* Lv.1 신고 결과 받기.swift */,
				6EE87E5D28E7803C004CDC5A /* Lv.1 키패드 누르기.swift */,
				6EE87E5E28E7803C004CDC5A /* Lv1 - 로또 최고 순위와 최저 순위.swift */,
				6EE87E5F28E7803C004CDC5A /* Lv.1 신규 아이디 추천.swift */,
				6EE87E6028E7803C004CDC5A /* Lv.1 [1차] 다트 게임.swift */,
			);
			path = Lv.1;
			sourceTree = "<group>";
		};
		6EE87E6228E7803C004CDC5A /* Lv.2 */ = {
			isa = PBXGroup;
			children = (
				6EE87E6328E7803C004CDC5A /* Lv.2 피보나치 수.md */,
				6EE87E6428E7803C004CDC5A /* Lv.2 [1차] 캐시.swift */,
				6EE87E6528E7803C004CDC5A /* Lv.2 튜플.swift */,
				6EE87E6628E7803C004CDC5A /* Lv.2 오픈채팅방.swift */,
				6EE87E6728E7803C004CDC5A /* Lv.2 타겟 넘버.swift */,
				6EC6D2E728E9DA5D004DFCF3 /* Lv.2 최댓값과 최솟값.swift */,
			);
			path = Lv.2;
			sourceTree = "<group>";
		};
/* End PBXGroup section */

/* Begin PBXNativeTarget section */
		6EE87E3528E78009004CDC5A /* Algorithm */ = {
			isa = PBXNativeTarget;
			buildConfigurationList = 6EE87E3D28E7800A004CDC5A /* Build configuration list for PBXNativeTarget "Algorithm" */;
			buildPhases = (
				6EE87E3228E78009004CDC5A /* Sources */,
				6EE87E3328E78009004CDC5A /* Frameworks */,
				6EE87E3428E78009004CDC5A /* CopyFiles */,
			);
			buildRules = (
			);
			dependencies = (
			);
			name = Algorithm;
			productName = Algorithm;
			productReference = 6EE87E3628E78009004CDC5A /* Algorithm */;
			productType = "com.apple.product-type.tool";
		};
/* End PBXNativeTarget section */

/* Begin PBXProject section */
		6EE87E2E28E78009004CDC5A /* Project object */ = {
			isa = PBXProject;
			attributes = {
				BuildIndependentTargetsInParallel = 1;
				LastSwiftUpdateCheck = 1400;
				LastUpgradeCheck = 1400;
				TargetAttributes = {
					6EE87E3528E78009004CDC5A = {
						CreatedOnToolsVersion = 14.0.1;
					};
				};
			};
			buildConfigurationList = 6EE87E3128E78009004CDC5A /* Build configuration list for PBXProject "Algorithm" */;
			compatibilityVersion = "Xcode 14.0";
			developmentRegion = en;
			hasScannedForEncodings = 0;
			knownRegions = (
				en,
				Base,
			);
			mainGroup = 6EE87E2D28E78009004CDC5A;
			productRefGroup = 6EE87E3728E78009004CDC5A /* Products */;
			projectDirPath = "";
			projectRoot = "";
			targets = (
				6EE87E3528E78009004CDC5A /* Algorithm */,
			);
		};
/* End PBXProject section */

/* Begin PBXSourcesBuildPhase section */
		6EE87E3228E78009004CDC5A /* Sources */ = {
			isa = PBXSourcesBuildPhase;
			buildActionMask = 2147483647;
			files = (
				6EE87E3A28E7800A004CDC5A /* main.swift in Sources */,
			);
			runOnlyForDeploymentPostprocessing = 0;
		};
/* End PBXSourcesBuildPhase section */

/* Begin XCBuildConfiguration section */
		6EE87E3B28E7800A004CDC5A /* Debug */ = {
			isa = XCBuildConfiguration;
			buildSettings = {
				ALWAYS_SEARCH_USER_PATHS = NO;
				CLANG_ANALYZER_NONNULL = YES;
				CLANG_ANALYZER_NUMBER_OBJECT_CONVERSION = YES_AGGRESSIVE;
				CLANG_CXX_LANGUAGE_STANDARD = "gnu++20";
				CLANG_ENABLE_MODULES = YES;
				CLANG_ENABLE_OBJC_ARC = YES;
				CLANG_ENABLE_OBJC_WEAK = YES;
				CLANG_WARN_BLOCK_CAPTURE_AUTORELEASING = YES;
				CLANG_WARN_BOOL_CONVERSION = YES;
				CLANG_WARN_COMMA = YES;
				CLANG_WARN_CONSTANT_CONVERSION = YES;
				CLANG_WARN_DEPRECATED_OBJC_IMPLEMENTATIONS = YES;
				CLANG_WARN_DIRECT_OBJC_ISA_USAGE = YES_ERROR;
				CLANG_WARN_DOCUMENTATION_COMMENTS = YES;
				CLANG_WARN_EMPTY_BODY = YES;
				CLANG_WARN_ENUM_CONVERSION = YES;
				CLANG_WARN_INFINITE_RECURSION = YES;
				CLANG_WARN_INT_CONVERSION = YES;
				CLANG_WARN_NON_LITERAL_NULL_CONVERSION = YES;
				CLANG_WARN_OBJC_IMPLICIT_RETAIN_SELF = YES;
				CLANG_WARN_OBJC_LITERAL_CONVERSION = YES;
				CLANG_WARN_OBJC_ROOT_CLASS = YES_ERROR;
				CLANG_WARN_QUOTED_INCLUDE_IN_FRAMEWORK_HEADER = YES;
				CLANG_WARN_RANGE_LOOP_ANALYSIS = YES;
				CLANG_WARN_STRICT_PROTOTYPES = YES;
				CLANG_WARN_SUSPICIOUS_MOVE = YES;
				CLANG_WARN_UNGUARDED_AVAILABILITY = YES_AGGRESSIVE;
				CLANG_WARN_UNREACHABLE_CODE = YES;
				CLANG_WARN__DUPLICATE_METHOD_MATCH = YES;
				COPY_PHASE_STRIP = NO;
				DEBUG_INFORMATION_FORMAT = dwarf;
				ENABLE_STRICT_OBJC_MSGSEND = YES;
				ENABLE_TESTABILITY = YES;
				GCC_C_LANGUAGE_STANDARD = gnu11;
				GCC_DYNAMIC_NO_PIC = NO;
				GCC_NO_COMMON_BLOCKS = YES;
				GCC_OPTIMIZATION_LEVEL = 0;
				GCC_PREPROCESSOR_DEFINITIONS = (
					"DEBUG=1",
					"$(inherited)",
				);
				GCC_WARN_64_TO_32_BIT_CONVERSION = YES;
				GCC_WARN_ABOUT_RETURN_TYPE = YES_ERROR;
				GCC_WARN_UNDECLARED_SELECTOR = YES;
				GCC_WARN_UNINITIALIZED_AUTOS = YES_AGGRESSIVE;
				GCC_WARN_UNUSED_FUNCTION = YES;
				GCC_WARN_UNUSED_VARIABLE = YES;
				MACOSX_DEPLOYMENT_TARGET = 12.3;
				MTL_ENABLE_DEBUG_INFO = INCLUDE_SOURCE;
				MTL_FAST_MATH = YES;
				ONLY_ACTIVE_ARCH = YES;
				SDKROOT = macosx;
				SWIFT_ACTIVE_COMPILATION_CONDITIONS = DEBUG;
				SWIFT_OPTIMIZATION_LEVEL = "-Onone";
			};
			name = Debug;
		};
		6EE87E3C28E7800A004CDC5A /* Release */ = {
			isa = XCBuildConfiguration;
			buildSettings = {
				ALWAYS_SEARCH_USER_PATHS = NO;
				CLANG_ANALYZER_NONNULL = YES;
				CLANG_ANALYZER_NUMBER_OBJECT_CONVERSION = YES_AGGRESSIVE;
				CLANG_CXX_LANGUAGE_STANDARD = "gnu++20";
				CLANG_ENABLE_MODULES = YES;
				CLANG_ENABLE_OBJC_ARC = YES;
				CLANG_ENABLE_OBJC_WEAK = YES;
				CLANG_WARN_BLOCK_CAPTURE_AUTORELEASING = YES;
				CLANG_WARN_BOOL_CONVERSION = YES;
				CLANG_WARN_COMMA = YES;
				CLANG_WARN_CONSTANT_CONVERSION = YES;
				CLANG_WARN_DEPRECATED_OBJC_IMPLEMENTATIONS = YES;
				CLANG_WARN_DIRECT_OBJC_ISA_USAGE = YES_ERROR;
				CLANG_WARN_DOCUMENTATION_COMMENTS = YES;
				CLANG_WARN_EMPTY_BODY = YES;
				CLANG_WARN_ENUM_CONVERSION = YES;
				CLANG_WARN_INFINITE_RECURSION = YES;
				CLANG_WARN_INT_CONVERSION = YES;
				CLANG_WARN_NON_LITERAL_NULL_CONVERSION = YES;
				CLANG_WARN_OBJC_IMPLICIT_RETAIN_SELF = YES;
				CLANG_WARN_OBJC_LITERAL_CONVERSION = YES;
				CLANG_WARN_OBJC_ROOT_CLASS = YES_ERROR;
				CLANG_WARN_QUOTED_INCLUDE_IN_FRAMEWORK_HEADER = YES;
				CLANG_WARN_RANGE_LOOP_ANALYSIS = YES;
				CLANG_WARN_STRICT_PROTOTYPES = YES;
				CLANG_WARN_SUSPICIOUS_MOVE = YES;
				CLANG_WARN_UNGUARDED_AVAILABILITY = YES_AGGRESSIVE;
				CLANG_WARN_UNREACHABLE_CODE = YES;
				CLANG_WARN__DUPLICATE_METHOD_MATCH = YES;
				COPY_PHASE_STRIP = NO;
				DEBUG_INFORMATION_FORMAT = "dwarf-with-dsym";
				ENABLE_NS_ASSERTIONS = NO;
				ENABLE_STRICT_OBJC_MSGSEND = YES;
				GCC_C_LANGUAGE_STANDARD = gnu11;
				GCC_NO_COMMON_BLOCKS = YES;
				GCC_WARN_64_TO_32_BIT_CONVERSION = YES;
				GCC_WARN_ABOUT_RETURN_TYPE = YES_ERROR;
				GCC_WARN_UNDECLARED_SELECTOR = YES;
				GCC_WARN_UNINITIALIZED_AUTOS = YES_AGGRESSIVE;
				GCC_WARN_UNUSED_FUNCTION = YES;
				GCC_WARN_UNUSED_VARIABLE = YES;
				MACOSX_DEPLOYMENT_TARGET = 12.3;
				MTL_ENABLE_DEBUG_INFO = NO;
				MTL_FAST_MATH = YES;
				SDKROOT = macosx;
				SWIFT_COMPILATION_MODE = wholemodule;
				SWIFT_OPTIMIZATION_LEVEL = "-O";
			};
			name = Release;
		};
		6EE87E3E28E7800A004CDC5A /* Debug */ = {
			isa = XCBuildConfiguration;
			buildSettings = {
				CODE_SIGN_STYLE = Automatic;
				DEVELOPMENT_TEAM = 75QZ7682T2;
				ENABLE_HARDENED_RUNTIME = YES;
				PRODUCT_NAME = "$(TARGET_NAME)";
				SWIFT_VERSION = 5.0;
			};
			name = Debug;
		};
		6EE87E3F28E7800A004CDC5A /* Release */ = {
			isa = XCBuildConfiguration;
			buildSettings = {
				CODE_SIGN_STYLE = Automatic;
				DEVELOPMENT_TEAM = 75QZ7682T2;
				ENABLE_HARDENED_RUNTIME = YES;
				PRODUCT_NAME = "$(TARGET_NAME)";
				SWIFT_VERSION = 5.0;
			};
			name = Release;
		};
/* End XCBuildConfiguration section */

/* Begin XCConfigurationList section */
		6EE87E3128E78009004CDC5A /* Build configuration list for PBXProject "Algorithm" */ = {
			isa = XCConfigurationList;
			buildConfigurations = (
				6EE87E3B28E7800A004CDC5A /* Debug */,
				6EE87E3C28E7800A004CDC5A /* Release */,
			);
			defaultConfigurationIsVisible = 0;
			defaultConfigurationName = Release;
		};
		6EE87E3D28E7800A004CDC5A /* Build configuration list for PBXNativeTarget "Algorithm" */ = {
			isa = XCConfigurationList;
			buildConfigurations = (
				6EE87E3E28E7800A004CDC5A /* Debug */,
				6EE87E3F28E7800A004CDC5A /* Release */,
			);
			defaultConfigurationIsVisible = 0;
			defaultConfigurationName = Release;
		};
/* End XCConfigurationList section */
	};
	rootObject = 6EE87E2E28E78009004CDC5A /* Project object */;
}
